
Microsoft Visual Studio Solution File, Format Version 12.00
# Visual Studio 14
VisualStudioVersion = 14.0.25420.1
MinimumVisualStudioVersion = 10.0.40219.1
Project("{FAE04EC0-301F-11D3-BF4B-00C04F79EFBC}") = "Beach", "Beach\Beach.csproj", "{FD7D9F09-4BE8-4F7F-BB18-4ED6A3A0B30C}"
EndProject
Project("{FAE04EC0-301F-11D3-BF4B-00C04F79EFBC}") = "Heights", "Heights\Heights.csproj", "{7FD24AEE-CA75-4B68-8070-9EA483E7652A}"
EndProject
Project("{FAE04EC0-301F-11D3-BF4B-00C04F79EFBC}") = "Repeat", "Repeat\Repeat.csproj", "{F86E32A2-DA08-412B-9AD9-7F6ED501394E}"
EndProject
Global
	GlobalSection(SolutionConfigurationPlatforms) = preSolution
		Debug|Any CPU = Debug|Any CPU
		Release|Any CPU = Release|Any CPU
	EndGlobalSection
	GlobalSection(ProjectConfigurationPlatforms) = postSolution
		{FD7D9F09-4BE8-4F7F-BB18-4ED6A3A0B30C}.Debug|Any CPU.ActiveCfg = Debug|Any CPU
		{FD7D9F09-4BE8-4F7F-BB18-4ED6A3A0B30C}.Debug|Any CPU.Build.0 = Debug|Any CPU
		{FD7D9F09-4BE8-4F7F-BB18-4ED6A3A0B30C}.Release|Any CPU.ActiveCfg = Release|Any CPU
		{FD7D9F09-4BE8-4F7F-BB18-4ED6A3A0B30C}.Release|Any CPU.Build.0 = Release|Any CPU
		{7FD24AEE-CA75-4B68-8070-9EA483E7652A}.Debug|Any CPU.ActiveCfg = Debug|Any CPU
		{7FD24AEE-CA75-4B68-8070-9EA483E7652A}.Debug|Any CPU.Build.0 = Debug|Any CPU
		{7FD24AEE-CA75-4B68-8070-9EA483E7652A}.Release|Any CPU.ActiveCfg = Release|Any CPU
		{7FD24AEE-CA75-4B68-8070-9EA483E7652A}.Release|Any CPU.Build.0 = Release|Any CPU
		{F86E32A2-DA08-412B-9AD9-7F6ED501394E}.Debug|Any CPU.ActiveCfg = Debug|Any CPU
		{F86E32A2-DA08-412B-9AD9-7F6ED501394E}.Debug|Any CPU.Build.0 = Debug|Any CPU
		{F86E32A2-DA08-412B-9AD9-7F6ED501394E}.Release|Any CPU.ActiveCfg = Release|Any CPU
		{F86E32A2-DA08-412B-9AD9-7F6ED501394E}.Release|Any CPU.Build.0 = Release|Any CPU
	EndGlobalSection
	GlobalSection(SolutionProperties) = preSolution
		HideSolutionNode = FALSE
	EndGlobalSection
EndGlobal
